
Microsoft Visual Studio Solution File, Format Version 12.00
# Visual Studio 15
VisualStudioVersion = 15.0.28307.271
MinimumVisualStudioVersion = 10.0.40219.1
Project("{FAE04EC0-301F-11D3-BF4B-00C04F79EFBC}") = "tBot", "tBot\tBot.csproj", "{54C1D19C-C6E6-4D73-9453-59D0E2954C67}"
EndProject
Global
	GlobalSection(SolutionConfigurationPlatforms) = preSolution
		Debug|Any CPU = Debug|Any CPU
		Release|Any CPU = Release|Any CPU
	EndGlobalSection
	GlobalSection(ProjectConfigurationPlatforms) = postSolution
		{54C1D19C-C6E6-4D73-9453-59D0E2954C67}.Debug|Any CPU.ActiveCfg = Debug|Any CPU
		{54C1D19C-C6E6-4D73-9453-59D0E2954C67}.Debug|Any CPU.Build.0 = Debug|Any CPU
		{54C1D19C-C6E6-4D73-9453-59D0E2954C67}.Release|Any CPU.ActiveCfg = Release|Any CPU
		{54C1D19C-C6E6-4D73-9453-59D0E2954C67}.Release|Any CPU.Build.0 = Release|Any CPU
	EndGlobalSection
	GlobalSection(SolutionProperties) = preSolution
		HideSolutionNode = FALSE
	EndGlobalSection
	GlobalSection(ExtensibilityGlobals) = postSolution
		SolutionGuid = {D487A559-2CD0-4ACD-8387-3541FC0E44B8}
	EndGlobalSection
EndGlobal
